
Microsoft Visual Studio Solution File, Format Version 12.00
# Visual Studio 15
VisualStudioVersion = 15.0.27703.2042
MinimumVisualStudioVersion = 10.0.40219.1
Project("{FAE04EC0-301F-11D3-BF4B-00C04F79EFBC}") = "WoWDataMigrate", "WoWDataMigrate\WoWDataMigrate.csproj", "{879F65A7-0F70-4D92-88D0-E8A84E16E294}"
EndProject
Global
	GlobalSection(SolutionConfigurationPlatforms) = preSolution
		Debug|Any CPU = Debug|Any CPU
		Release|Any CPU = Release|Any CPU
	EndGlobalSection
	GlobalSection(ProjectConfigurationPlatforms) = postSolution
		{879F65A7-0F70-4D92-88D0-E8A84E16E294}.Debug|Any CPU.ActiveCfg = Debug|Any CPU
		{879F65A7-0F70-4D92-88D0-E8A84E16E294}.Debug|Any CPU.Build.0 = Debug|Any CPU
		{879F65A7-0F70-4D92-88D0-E8A84E16E294}.Release|Any CPU.ActiveCfg = Release|Any CPU
		{879F65A7-0F70-4D92-88D0-E8A84E16E294}.Release|Any CPU.Build.0 = Release|Any CPU
	EndGlobalSection
	GlobalSection(SolutionProperties) = preSolution
		HideSolutionNode = FALSE
	EndGlobalSection
	GlobalSection(ExtensibilityGlobals) = postSolution
		SolutionGuid = {F2FF9982-F9D4-4ED4-B8BB-F56BD3AC95BD}
	EndGlobalSection
EndGlobal
